
Microsoft Visual Studio Solution File, Format Version 12.00
# Visual Studio Version 17
VisualStudioVersion = 17.7.34221.43
MinimumVisualStudioVersion = 10.0.40219.1
Project("{FAE04EC0-301F-11D3-BF4B-00C04F79EFBC}") = "5", "5.csproj", "{978D3E69-EE44-456A-858B-398AEB888CDB}"
EndProject
Global
	GlobalSection(SolutionConfigurationPlatforms) = preSolution
		Debug|Any CPU = Debug|Any CPU
		Release|Any CPU = Release|Any CPU
	EndGlobalSection
	GlobalSection(ProjectConfigurationPlatforms) = postSolution
		{978D3E69-EE44-456A-858B-398AEB888CDB}.Debug|Any CPU.ActiveCfg = Debug|Any CPU
		{978D3E69-EE44-456A-858B-398AEB888CDB}.Debug|Any CPU.Build.0 = Debug|Any CPU
		{978D3E69-EE44-456A-858B-398AEB888CDB}.Release|Any CPU.ActiveCfg = Release|Any CPU
		{978D3E69-EE44-456A-858B-398AEB888CDB}.Release|Any CPU.Build.0 = Release|Any CPU
	EndGlobalSection
	GlobalSection(SolutionProperties) = preSolution
		HideSolutionNode = FALSE
	EndGlobalSection
	GlobalSection(ExtensibilityGlobals) = postSolution
		SolutionGuid = {EC62F307-1017-4986-A52C-6ECCE9DCB281}
	EndGlobalSection
EndGlobal
